
Microsoft Visual Studio Solution File, Format Version 12.00
# Visual Studio Version 16
VisualStudioVersion = 16.0.29409.12
MinimumVisualStudioVersion = 10.0.40219.1
Project("{FAE04EC0-301F-11D3-BF4B-00C04F79EFBC}") = "Inheritance", "Inheritance\Inheritance.csproj", "{499EF0F6-1C8A-463E-847C-B32A56431797}"
EndProject
Project("{FAE04EC0-301F-11D3-BF4B-00C04F79EFBC}") = "Composition", "Composition\Composition.csproj", "{1F39B79A-F463-4A37-AD0E-217BD30C1139}"
EndProject
Global
	GlobalSection(SolutionConfigurationPlatforms) = preSolution
		Debug|Any CPU = Debug|Any CPU
		Release|Any CPU = Release|Any CPU
	EndGlobalSection
	GlobalSection(ProjectConfigurationPlatforms) = postSolution
		{499EF0F6-1C8A-463E-847C-B32A56431797}.Debug|Any CPU.ActiveCfg = Debug|Any CPU
		{499EF0F6-1C8A-463E-847C-B32A56431797}.Debug|Any CPU.Build.0 = Debug|Any CPU
		{499EF0F6-1C8A-463E-847C-B32A56431797}.Release|Any CPU.ActiveCfg = Release|Any CPU
		{499EF0F6-1C8A-463E-847C-B32A56431797}.Release|Any CPU.Build.0 = Release|Any CPU
		{1F39B79A-F463-4A37-AD0E-217BD30C1139}.Debug|Any CPU.ActiveCfg = Debug|Any CPU
		{1F39B79A-F463-4A37-AD0E-217BD30C1139}.Debug|Any CPU.Build.0 = Debug|Any CPU
		{1F39B79A-F463-4A37-AD0E-217BD30C1139}.Release|Any CPU.ActiveCfg = Release|Any CPU
		{1F39B79A-F463-4A37-AD0E-217BD30C1139}.Release|Any CPU.Build.0 = Release|Any CPU
	EndGlobalSection
	GlobalSection(SolutionProperties) = preSolution
		HideSolutionNode = FALSE
	EndGlobalSection
	GlobalSection(ExtensibilityGlobals) = postSolution
		SolutionGuid = {2AB46756-49E8-450F-8377-9B6DA231491A}
	EndGlobalSection
EndGlobal
